Microsoft Visual Studio Solution File, Format Version 12.00
# Visual Studio Version 17
VisualStudioVersion = 17.5.2.0
MinimumVisualStudioVersion = 10.0.40219.1
Project("{2150E333-8FDC-42A3-9474-1A3956D46DE8}") = "tools-multiplatform", "tools-multiplatform", "{E6E90392-2AD6-6C82-AAA3-CD27BAA12B8F}"
EndProject
Project("{FAE04EC0-301F-11D3-BF4B-00C04F79EFBC}") = "OSINTTools", "tools-multiplatform\dotnet\OSINTTools.csproj", "{B9FE4777-0D37-7FCA-3DF2-51919D825BB4}"
EndProject
Global
	GlobalSection(SolutionConfigurationPlatforms) = preSolution
		Debug|Any CPU = Debug|Any CPU
		Release|Any CPU = Release|Any CPU
	EndGlobalSection
	GlobalSection(ProjectConfigurationPlatforms) = postSolution
		{B9FE4777-0D37-7FCA-3DF2-51919D825BB4}.Debug|Any CPU.ActiveCfg = Debug|Any CPU
		{B9FE4777-0D37-7FCA-3DF2-51919D825BB4}.Debug|Any CPU.Build.0 = Debug|Any CPU
		{B9FE4777-0D37-7FCA-3DF2-51919D825BB4}.Release|Any CPU.ActiveCfg = Release|Any CPU
		{B9FE4777-0D37-7FCA-3DF2-51919D825BB4}.Release|Any CPU.Build.0 = Release|Any CPU
	EndGlobalSection
	GlobalSection(SolutionProperties) = preSolution
		HideSolutionNode = FALSE
	EndGlobalSection
	GlobalSection(NestedProjects) = preSolution
		{B9FE4777-0D37-7FCA-3DF2-51919D825BB4} = {E6E90392-2AD6-6C82-AAA3-CD27BAA12B8F}
	EndGlobalSection
	GlobalSection(ExtensibilityGlobals) = postSolution
		SolutionGuid = {0721948A-A1BF-4EB6-A00C-FA67957629F5}
	EndGlobalSection
EndGlobal
